
Microsoft Visual Studio Solution File, Format Version 12.00
# Visual Studio Version 17
VisualStudioVersion = 17.3.32825.248
MinimumVisualStudioVersion = 10.0.40219.1
Project("{FAE04EC0-301F-11D3-BF4B-00C04F79EFBC}") = "Constructor", "Constructor\Constructor.csproj", "{235B9AEA-2300-4A96-88C8-C30C149C25BC}"
EndProject
Global
	GlobalSection(SolutionConfigurationPlatforms) = preSolution
		Debug|Any CPU = Debug|Any CPU
		Release|Any CPU = Release|Any CPU
	EndGlobalSection
	GlobalSection(ProjectConfigurationPlatforms) = postSolution
		{235B9AEA-2300-4A96-88C8-C30C149C25BC}.Debug|Any CPU.ActiveCfg = Debug|Any CPU
		{235B9AEA-2300-4A96-88C8-C30C149C25BC}.Debug|Any CPU.Build.0 = Debug|Any CPU
		{235B9AEA-2300-4A96-88C8-C30C149C25BC}.Release|Any CPU.ActiveCfg = Release|Any CPU
		{235B9AEA-2300-4A96-88C8-C30C149C25BC}.Release|Any CPU.Build.0 = Release|Any CPU
	EndGlobalSection
	GlobalSection(SolutionProperties) = preSolution
		HideSolutionNode = FALSE
	EndGlobalSection
	GlobalSection(ExtensibilityGlobals) = postSolution
		SolutionGuid = {AEA27E33-CF6D-4B58-86A6-A8037FB5788A}
	EndGlobalSection
EndGlobal
